
Microsoft Visual Studio Solution File, Format Version 12.00
# Visual Studio 15
VisualStudioVersion = 15.0.28010.2050
MinimumVisualStudioVersion = 10.0.40219.1
Project("{FAE04EC0-301F-11D3-BF4B-00C04F79EFBC}") = "WebApplication1", "WebApplication1\WebApplication1.csproj", "{8245B7C6-3270-4DAE-ADF1-19C47CFF587D}"
EndProject
Global
	GlobalSection(SolutionConfigurationPlatforms) = preSolution
		Debug|Any CPU = Debug|Any CPU
		Release|Any CPU = Release|Any CPU
	EndGlobalSection
	GlobalSection(ProjectConfigurationPlatforms) = postSolution
		{8245B7C6-3270-4DAE-ADF1-19C47CFF587D}.Debug|Any CPU.ActiveCfg = Debug|Any CPU
		{8245B7C6-3270-4DAE-ADF1-19C47CFF587D}.Debug|Any CPU.Build.0 = Debug|Any CPU
		{8245B7C6-3270-4DAE-ADF1-19C47CFF587D}.Release|Any CPU.ActiveCfg = Release|Any CPU
		{8245B7C6-3270-4DAE-ADF1-19C47CFF587D}.Release|Any CPU.Build.0 = Release|Any CPU
	EndGlobalSection
	GlobalSection(SolutionProperties) = preSolution
		HideSolutionNode = FALSE
	EndGlobalSection
	GlobalSection(ExtensibilityGlobals) = postSolution
		SolutionGuid = {0670FE83-781D-41AA-A0DB-681D2FB9936A}
	EndGlobalSection
EndGlobal
